
Microsoft Visual Studio Solution File, Format Version 12.00
# Visual Studio 15
VisualStudioVersion = 15.0.28010.2041
MinimumVisualStudioVersion = 10.0.40219.1
Project("{FAE04EC0-301F-11D3-BF4B-00C04F79EFBC}") = "MarstakiGezgin", "MarstakiGezgin\MarstakiGezgin.csproj", "{1414F1A8-4F85-45D4-B077-7894FC973005}"
EndProject
Global
	GlobalSection(SolutionConfigurationPlatforms) = preSolution
		Debug|Any CPU = Debug|Any CPU
		Release|Any CPU = Release|Any CPU
	EndGlobalSection
	GlobalSection(ProjectConfigurationPlatforms) = postSolution
		{1414F1A8-4F85-45D4-B077-7894FC973005}.Debug|Any CPU.ActiveCfg = Debug|Any CPU
		{1414F1A8-4F85-45D4-B077-7894FC973005}.Debug|Any CPU.Build.0 = Debug|Any CPU
		{1414F1A8-4F85-45D4-B077-7894FC973005}.Release|Any CPU.ActiveCfg = Release|Any CPU
		{1414F1A8-4F85-45D4-B077-7894FC973005}.Release|Any CPU.Build.0 = Release|Any CPU
	EndGlobalSection
	GlobalSection(SolutionProperties) = preSolution
		HideSolutionNode = FALSE
	EndGlobalSection
	GlobalSection(ExtensibilityGlobals) = postSolution
		SolutionGuid = {8C466FE3-53E1-4A42-929A-E58E2BEE0BB2}
	EndGlobalSection
EndGlobal
